
Microsoft Visual Studio Solution File, Format Version 12.00
# Visual Studio 2012
# SharpDevelop 5.1
VisualStudioVersion = 12.0.20827.3
MinimumVisualStudioVersion = 10.0.40219.1
Project("{FAE04EC0-301F-11D3-BF4B-00C04F79EFBC}") = "VTT to SRT Subtitle Converter", "VTT to SRT Subtitle Converter\VTT to SRT Subtitle Converter.csproj", "{BFC460D4-568A-401E-B55A-9AD2C1C28B79}"
EndProject
Project("{FAE04EC0-301F-11D3-BF4B-00C04F79EFBC}") = "LrzIntegChecker", "..\LrzIntegChecker\LrzIntegChecker.csproj", "{674F0901-9F4F-4CE9-BB88-382CB34309AA}"
EndProject
Global
	GlobalSection(SolutionConfigurationPlatforms) = preSolution
		Debug|Any CPU = Debug|Any CPU
		Release|Any CPU = Release|Any CPU
	EndGlobalSection
	GlobalSection(ProjectConfigurationPlatforms) = postSolution
		{BFC460D4-568A-401E-B55A-9AD2C1C28B79}.Debug|Any CPU.ActiveCfg = Debug|Any CPU
		{BFC460D4-568A-401E-B55A-9AD2C1C28B79}.Debug|Any CPU.Build.0 = Debug|Any CPU
		{BFC460D4-568A-401E-B55A-9AD2C1C28B79}.Release|Any CPU.ActiveCfg = Release|Any CPU
		{BFC460D4-568A-401E-B55A-9AD2C1C28B79}.Release|Any CPU.Build.0 = Release|Any CPU
		{674F0901-9F4F-4CE9-BB88-382CB34309AA}.Debug|Any CPU.ActiveCfg = Debug|Any CPU
		{674F0901-9F4F-4CE9-BB88-382CB34309AA}.Debug|Any CPU.Build.0 = Debug|Any CPU
		{674F0901-9F4F-4CE9-BB88-382CB34309AA}.Release|Any CPU.ActiveCfg = Release|Any CPU
		{674F0901-9F4F-4CE9-BB88-382CB34309AA}.Release|Any CPU.Build.0 = Release|Any CPU
	EndGlobalSection
EndGlobal
